// !$*UTF8*$!
{
	archiveVersion = 1;
	classes = {
	};
	objectVersion = 77;
	objects = {

/* Begin PBXContainerItemProxy section */
		CEE753032DF8E7EF002852B3 /* PBXContainerItemProxy */ = {
			isa = PBXContainerItemProxy;
			containerPortal = CEE752EA2DF8E7EB002852B3 /* Project object */;
			proxyType = 1;
			remoteGlobalIDString = CEE752F12DF8E7EC002852B3;
			remoteInfo = reservation;
		};
		CEE7530D2DF8E7EF002852B3 /* PBXContainerItemProxy */ = {
			isa = PBXContainerItemProxy;
			containerPortal = CEE752EA2DF8E7EB002852B3 /* Project object */;
			proxyType = 1;
			remoteGlobalIDString = CEE752F12DF8E7EC002852B3;
			remoteInfo = reservation;
		};
/* End PBXContainerItemProxy section */

/* Begin PBXFileReference section */
		CEE752F22DF8E7EC002852B3 /* reservation.app */ = {isa = PBXFileReference; explicitFileType = wrapper.application; includeInIndex = 0; path = reservation.app; sourceTree = BUILT_PRODUCTS_DIR; };
		CEE753022DF8E7EF002852B3 /* reservationTests.xctest */ = {isa = PBXFileReference; explicitFileType = wrapper.cfbundle; includeInIndex = 0; path = reservationTests.xctest; sourceTree = BUILT_PRODUCTS_DIR; };
		CEE7530C2DF8E7EF002852B3 /* reservationUITests.xctest */ = {isa = PBXFileReference; explicitFileType = wrapper.cfbundle; includeInIndex = 0; path = reservationUITests.xctest; sourceTree = BUILT_PRODUCTS_DIR; };
/* End PBXFileReference section */

/* Begin PBXFileSystemSynchronizedRootGroup section */
		CEE752F42DF8E7EC002852B3 /* reservation */ = {
			isa = PBXFileSystemSynchronizedRootGroup;
			path = reservation;
			sourceTree = "<group>";
		};
		CEE753052DF8E7EF002852B3 /* reservationTests */ = {
			isa = PBXFileSystemSynchronizedRootGroup;
			path = reservationTests;
			sourceTree = "<group>";
		};
		CEE7530F2DF8E7EF002852B3 /* reservationUITests */ = {
			isa = PBXFileSystemSynchronizedRootGroup;
			path = reservationUITests;
			sourceTree = "<group>";
		};
/* End PBXFileSystemSynchronizedRootGroup section */

/* Begin PBXFrameworksBuildPhase section */
		CEE752EF2DF8E7EC002852B3 /* Frameworks */ = {
			isa = PBXFrameworksBuildPhase;
			buildActionMask = 2147483647;
			files = (
			);
			runOnlyForDeploymentPostprocessing = 0;
		};
		CEE752FF2DF8E7EF002852B3 /* Frameworks */ = {
			isa = PBXFrameworksBuildPhase;
			buildActionMask = 2147483647;
			files = (
			);
			runOnlyForDeploymentPostprocessing = 0;
		};
		CEE753092DF8E7EF002852B3 /* Frameworks */ = {
			isa = PBXFrameworksBuildPhase;
			buildActionMask = 2147483647;
			files = (
			);
			runOnlyForDeploymentPostprocessing = 0;
		};
/* End PBXFrameworksBuildPhase section */

/* Begin PBXGroup section */
		CEE752E92DF8E7EB002852B3 = {
			isa = PBXGroup;
			children = (
				CEE752F42DF8E7EC002852B3 /* reservation */,
				CEE753052DF8E7EF002852B3 /* reservationTests */,
				CEE7530F2DF8E7EF002852B3 /* reservationUITests */,
				CEE752F32DF8E7EC002852B3 /* Products */,
			);
			sourceTree = "<group>";
		};
		CEE752F32DF8E7EC002852B3 /* Products */ = {
			isa = PBXGroup;
			children = (
				CEE752F22DF8E7EC002852B3 /* reservation.app */,
				CEE753022DF8E7EF002852B3 /* reservationTests.xctest */,
				CEE7530C2DF8E7EF002852B3 /* reservationUITests.xctest */,
			);
			name = Products;
			sourceTree = "<group>";
		};
/* End PBXGroup section */

/* Begin PBXNativeTarget section */
		CEE752F12DF8E7EC002852B3 /* reservation */ = {
			isa = PBXNativeTarget;
			buildConfigurationList = CEE753162DF8E7EF002852B3 /* Build configuration list for PBXNativeTarget "reservation" */;
			buildPhases = (
				CEE752EE2DF8E7EC002852B3 /* Sources */,
				CEE752EF2DF8E7EC002852B3 /* Frameworks */,
				CEE752F02DF8E7EC002852B3 /* Resources */,
			);
			buildRules = (
			);
			dependencies = (
			);
			fileSystemSynchronizedGroups = (
				CEE752F42DF8E7EC002852B3 /* reservation */,
			);
			name = reservation;
			packageProductDependencies = (
			);
			productName = reservation;
			productReference = CEE752F22DF8E7EC002852B3 /* reservation.app */;
			productType = "com.apple.product-type.application";
		};
		CEE753012DF8E7EF002852B3 /* reservationTests */ = {
			isa = PBXNativeTarget;
			buildConfigurationList = CEE753192DF8E7EF002852B3 /* Build configuration list for PBXNativeTarget "reservationTests" */;
			buildPhases = (
				CEE752FE2DF8E7EF002852B3 /* Sources */,
				CEE752FF2DF8E7EF002852B3 /* Frameworks */,
				CEE753002DF8E7EF002852B3 /* Resources */,
			);
			buildRules = (
			);
			dependencies = (
				CEE753042DF8E7EF002852B3 /* PBXTargetDependency */,
			);
			fileSystemSynchronizedGroups = (
				CEE753052DF8E7EF002852B3 /* reservationTests */,
			);
			name = reservationTests;
			packageProductDependencies = (
			);
			productName = reservationTests;
			productReference = CEE753022DF8E7EF002852B3 /* reservationTests.xctest */;
			productType = "com.apple.product-type.bundle.unit-test";
		};
		CEE7530B2DF8E7EF002852B3 /* reservationUITests */ = {
			isa = PBXNativeTarget;
			buildConfigurationList = CEE7531C2DF8E7EF002852B3 /* Build configuration list for PBXNativeTarget "reservationUITests" */;
			buildPhases = (
				CEE753082DF8E7EF002852B3 /* Sources */,
				CEE753092DF8E7EF002852B3 /* Frameworks */,
				CEE7530A2DF8E7EF002852B3 /* Resources */,
			);
			buildRules = (
			);
			dependencies = (
				CEE7530E2DF8E7EF002852B3 /* PBXTargetDependency */,
			);
			fileSystemSynchronizedGroups = (
				CEE7530F2DF8E7EF002852B3 /* reservationUITests */,
			);
			name = reservationUITests;
			packageProductDependencies = (
			);
			productName = reservationUITests;
			productReference = CEE7530C2DF8E7EF002852B3 /* reservationUITests.xctest */;
			productType = "com.apple.product-type.bundle.ui-testing";
		};
/* End PBXNativeTarget section */

/* Begin PBXProject section */
		CEE752EA2DF8E7EB002852B3 /* Project object */ = {
			isa = PBXProject;
			attributes = {
				BuildIndependentTargetsInParallel = 1;
				LastSwiftUpdateCheck = 1610;
				LastUpgradeCheck = 1610;
				TargetAttributes = {
					CEE752F12DF8E7EC002852B3 = {
						CreatedOnToolsVersion = 16.1;
					};
					CEE753012DF8E7EF002852B3 = {
						CreatedOnToolsVersion = 16.1;
						TestTargetID = CEE752F12DF8E7EC002852B3;
					};
					CEE7530B2DF8E7EF002852B3 = {
						CreatedOnToolsVersion = 16.1;
						TestTargetID = CEE752F12DF8E7EC002852B3;
					};
				};
			};
			buildConfigurationList = CEE752ED2DF8E7EB002852B3 /* Build configuration list for PBXProject "AIM Commons" */;
			developmentRegion = en;
			hasScannedForEncodings = 0;
			knownRegions = (
				en,
				Base,
			);
			mainGroup = CEE752E92DF8E7EB002852B3;
			minimizedProjectReferenceProxies = 1;
			preferredProjectObjectVersion = 77;
			productRefGroup = CEE752F32DF8E7EC002852B3 /* Products */;
			projectDirPath = "";
			projectRoot = "";
			targets = (
				CEE752F12DF8E7EC002852B3 /* reservation */,
				CEE753012DF8E7EF002852B3 /* reservationTests */,
				CEE7530B2DF8E7EF002852B3 /* reservationUITests */,
			);
		};
/* End PBXProject section */

/* Begin PBXResourcesBuildPhase section */
		CEE752F02DF8E7EC002852B3 /* Resources */ = {
			isa = PBXResourcesBuildPhase;
			buildActionMask = 2147483647;
			files = (
			);
			runOnlyForDeploymentPostprocessing = 0;
		};
		CEE753002DF8E7EF002852B3 /* Resources */ = {
			isa = PBXResourcesBuildPhase;
			buildActionMask = 2147483647;
			files = (
			);
			runOnlyForDeploymentPostprocessing = 0;
		};
		CEE7530A2DF8E7EF002852B3 /* Resources */ = {
			isa = PBXResourcesBuildPhase;
			buildActionMask = 2147483647;
			files = (
			);
			runOnlyForDeploymentPostprocessing = 0;
		};
/* End PBXResourcesBuildPhase section */

/* Begin PBXSourcesBuildPhase section */
		CEE752EE2DF8E7EC002852B3 /* Sources */ = {
			isa = PBXSourcesBuildPhase;
			buildActionMask = 2147483647;
			files = (
			);
			runOnlyForDeploymentPostprocessing = 0;
		};
		CEE752FE2DF8E7EF002852B3 /* Sources */ = {
			isa = PBXSourcesBuildPhase;
			buildActionMask = 2147483647;
			files = (
			);
			runOnlyForDeploymentPostprocessing = 0;
		};
		CEE753082DF8E7EF002852B3 /* Sources */ = {
			isa = PBXSourcesBuildPhase;
			buildActionMask = 2147483647;
			files = (
			);
			runOnlyForDeploymentPostprocessing = 0;
		};
/* End PBXSourcesBuildPhase section */

/* Begin PBXTargetDependency section */
		CEE753042DF8E7EF002852B3 /* PBXTargetDependency */ = {
			isa = PBXTargetDependency;
			target = CEE752F12DF8E7EC002852B3 /* reservation */;
			targetProxy = CEE753032DF8E7EF002852B3 /* PBXContainerItemProxy */;
		};
		CEE7530E2DF8E7EF002852B3 /* PBXTargetDependency */ = {
			isa = PBXTargetDependency;
			target = CEE752F12DF8E7EC002852B3 /* reservation */;
			targetProxy = CEE7530D2DF8E7EF002852B3 /* PBXContainerItemProxy */;
		};
/* End PBXTargetDependency section */

/* Begin XCBuildConfiguration section */
		CEE753142DF8E7EF002852B3 /* Debug */ = {
			isa = XCBuildConfiguration;
			buildSettings = {
				ALWAYS_SEARCH_USER_PATHS = NO;
				ASSETCATALOG_COMPILER_GENERATE_SWIFT_ASSET_SYMBOL_EXTENSIONS = YES;
				CLANG_ANALYZER_NONNULL = YES;
				CLANG_ANALYZER_NUMBER_OBJECT_CONVERSION = YES_AGGRESSIVE;
				CLANG_CXX_LANGUAGE_STANDARD = "gnu++20";
				CLANG_ENABLE_MODULES = YES;
				CLANG_ENABLE_OBJC_ARC = YES;
				CLANG_ENABLE_OBJC_WEAK = YES;
				CLANG_WARN_BLOCK_CAPTURE_AUTORELEASING = YES;
				CLANG_WARN_BOOL_CONVERSION = YES;
				CLANG_WARN_COMMA = YES;
				CLANG_WARN_CONSTANT_CONVERSION = YES;
				CLANG_WARN_DEPRECATED_OBJC_IMPLEMENTATIONS = YES;
				CLANG_WARN_DIRECT_OBJC_ISA_USAGE = YES_ERROR;
				CLANG_WARN_DOCUMENTATION_COMMENTS = YES;
				CLANG_WARN_EMPTY_BODY = YES;
				CLANG_WARN_ENUM_CONVERSION = YES;
				CLANG_WARN_INFINITE_RECURSION = YES;
				CLANG_WARN_INT_CONVERSION = YES;
				CLANG_WARN_NON_LITERAL_NULL_CONVERSION = YES;
				CLANG_WARN_OBJC_IMPLICIT_RETAIN_SELF = YES;
				CLANG_WARN_OBJC_LITERAL_CONVERSION = YES;
				CLANG_WARN_OBJC_ROOT_CLASS = YES_ERROR;
				CLANG_WARN_QUOTED_INCLUDE_IN_FRAMEWORK_HEADER = YES;
				CLANG_WARN_RANGE_LOOP_ANALYSIS = YES;
				CLANG_WARN_STRICT_PROTOTYPES = YES;
				CLANG_WARN_SUSPICIOUS_MOVE = YES;
				CLANG_WARN_UNGUARDED_AVAILABILITY = YES_AGGRESSIVE;
				CLANG_WARN_UNREACHABLE_CODE = YES;
				CLANG_WARN__DUPLICATE_METHOD_MATCH = YES;
				COPY_PHASE_STRIP = NO;
				DEBUG_INFORMATION_FORMAT = dwarf;
				ENABLE_STRICT_OBJC_MSGSEND = YES;
				ENABLE_TESTABILITY = YES;
				ENABLE_USER_SCRIPT_SANDBOXING = YES;
				GCC_C_LANGUAGE_STANDARD = gnu17;
				GCC_DYNAMIC_NO_PIC = NO;
				GCC_NO_COMMON_BLOCKS = YES;
				GCC_OPTIMIZATION_LEVEL = 0;
				GCC_PREPROCESSOR_DEFINITIONS = (
					"DEBUG=1",
					"$(inherited)",
				);
				GCC_WARN_64_TO_32_BIT_CONVERSION = YES;
				GCC_WARN_ABOUT_RETURN_TYPE = YES_ERROR;
				GCC_WARN_UNDECLARED_SELECTOR = YES;
				GCC_WARN_UNINITIALIZED_AUTOS = YES_AGGRESSIVE;
				GCC_WARN_UNUSED_FUNCTION = YES;
				GCC_WARN_UNUSED_VARIABLE = YES;
				IPHONEOS_DEPLOYMENT_TARGET = 18.1;
				LOCALIZATION_PREFERS_STRING_CATALOGS = YES;
				MTL_ENABLE_DEBUG_INFO = INCLUDE_SOURCE;
				MTL_FAST_MATH = YES;
				ONLY_ACTIVE_ARCH = YES;
				SDKROOT = iphoneos;
				SWIFT_ACTIVE_COMPILATION_CONDITIONS = "DEBUG $(inherited)";
				SWIFT_OPTIMIZATION_LEVEL = "-Onone";
			};
			name = Debug;
		};
		CEE753152DF8E7EF002852B3 /* Release */ = {
			isa = XCBuildConfiguration;
			buildSettings = {
				ALWAYS_SEARCH_USER_PATHS = NO;
				ASSETCATALOG_COMPILER_GENERATE_SWIFT_ASSET_SYMBOL_EXTENSIONS = YES;
				CLANG_ANALYZER_NONNULL = YES;
				CLANG_ANALYZER_NUMBER_OBJECT_CONVERSION = YES_AGGRESSIVE;
				CLANG_CXX_LANGUAGE_STANDARD = "gnu++20";
				CLANG_ENABLE_MODULES = YES;
				CLANG_ENABLE_OBJC_ARC = YES;
				CLANG_ENABLE_OBJC_WEAK = YES;
				CLANG_WARN_BLOCK_CAPTURE_AUTORELEASING = YES;
				CLANG_WARN_BOOL_CONVERSION = YES;
				CLANG_WARN_COMMA = YES;
				CLANG_WARN_CONSTANT_CONVERSION = YES;
				CLANG_WARN_DEPRECATED_OBJC_IMPLEMENTATIONS = YES;
				CLANG_WARN_DIRECT_OBJC_ISA_USAGE = YES_ERROR;
				CLANG_WARN_DOCUMENTATION_COMMENTS = YES;
				CLANG_WARN_EMPTY_BODY = YES;
				CLANG_WARN_ENUM_CONVERSION = YES;
				CLANG_WARN_INFINITE_RECURSION = YES;
				CLANG_WARN_INT_CONVERSION = YES;
				CLANG_WARN_NON_LITERAL_NULL_CONVERSION = YES;
				CLANG_WARN_OBJC_IMPLICIT_RETAIN_SELF = YES;
				CLANG_WARN_OBJC_LITERAL_CONVERSION = YES;
				CLANG_WARN_OBJC_ROOT_CLASS = YES_ERROR;
				CLANG_WARN_QUOTED_INCLUDE_IN_FRAMEWORK_HEADER = YES;
				CLANG_WARN_RANGE_LOOP_ANALYSIS = YES;
				CLANG_WARN_STRICT_PROTOTYPES = YES;
				CLANG_WARN_SUSPICIOUS_MOVE = YES;
				CLANG_WARN_UNGUARDED_AVAILABILITY = YES_AGGRESSIVE;
				CLANG_WARN_UNREACHABLE_CODE = YES;
				CLANG_WARN__DUPLICATE_METHOD_MATCH = YES;
				COPY_PHASE_STRIP = NO;
				DEBUG_INFORMATION_FORMAT = "dwarf-with-dsym";
				ENABLE_NS_ASSERTIONS = NO;
				ENABLE_STRICT_OBJC_MSGSEND = YES;
				ENABLE_USER_SCRIPT_SANDBOXING = YES;
				GCC_C_LANGUAGE_STANDARD = gnu17;
				GCC_NO_COMMON_BLOCKS = YES;
				GCC_WARN_64_TO_32_BIT_CONVERSION = YES;
				GCC_WARN_ABOUT_RETURN_TYPE = YES_ERROR;
				GCC_WARN_UNDECLARED_SELECTOR = YES;
				GCC_WARN_UNINITIALIZED_AUTOS = YES_AGGRESSIVE;
				GCC_WARN_UNUSED_FUNCTION = YES;
				GCC_WARN_UNUSED_VARIABLE = YES;
				IPHONEOS_DEPLOYMENT_TARGET = 18.1;
				LOCALIZATION_PREFERS_STRING_CATALOGS = YES;
				MTL_ENABLE_DEBUG_INFO = NO;
				MTL_FAST_MATH = YES;
				SDKROOT = iphoneos;
				SWIFT_COMPILATION_MODE = wholemodule;
				VALIDATE_PRODUCT = YES;
			};
			name = Release;
		};
		CEE753172DF8E7EF002852B3 /* Debug */ = {
			isa = XCBuildConfiguration;
			buildSettings = {
				ASSETCATALOG_COMPILER_APPICON_NAME = AppIcon;
				ASSETCATALOG_COMPILER_GLOBAL_ACCENT_COLOR_NAME = AccentColor;
				CODE_SIGN_STYLE = Automatic;
				CURRENT_PROJECT_VERSION = 1;
				DEVELOPMENT_ASSET_PATHS = "\"reservation/Preview Content\"";
				DEVELOPMENT_TEAM = XGCCX9265C;
				ENABLE_PREVIEWS = YES;
				GENERATE_INFOPLIST_FILE = YES;
				INFOPLIST_KEY_UIApplicationSceneManifest_Generation = YES;
				INFOPLIST_KEY_UIApplicationSupportsIndirectInputEvents = YES;
				INFOPLIST_KEY_UILaunchScreen_Generation = YES;
				INFOPLIST_KEY_UISupportedInterfaceOrientations_iPad = "UIInterfaceOrientationPortrait UIInterfaceOrientationPortraitUpsideDown UIInterfaceOrientationLandscapeLeft UIInterfaceOrientationLandscapeRight";
				INFOPLIST_KEY_UISupportedInterfaceOrientations_iPhone = "UIInterfaceOrientationPortrait UIInterfaceOrientationLandscapeLeft UIInterfaceOrientationLandscapeRight";
				LD_RUNPATH_SEARCH_PATHS = (
					"$(inherited)",
					"@executable_path/Frameworks",
				);
				MARKETING_VERSION = 1.0;
				PRODUCT_BUNDLE_IDENTIFIER = jp.ac.aoyama.aim.ima.reservation;
				PRODUCT_NAME = "$(TARGET_NAME)";
				SWIFT_EMIT_LOC_STRINGS = YES;
				SWIFT_VERSION = 5.0;
				TARGETED_DEVICE_FAMILY = "1,2";
			};
			name = Debug;
		};
		CEE753182DF8E7EF002852B3 /* Release */ = {
			isa = XCBuildConfiguration;
			buildSettings = {
				ASSETCATALOG_COMPILER_APPICON_NAME = AppIcon;
				ASSETCATALOG_COMPILER_GLOBAL_ACCENT_COLOR_NAME = AccentColor;
				CODE_SIGN_STYLE = Automatic;
				CURRENT_PROJECT_VERSION = 1;
				DEVELOPMENT_ASSET_PATHS = "\"reservation/Preview Content\"";
				DEVELOPMENT_TEAM = XGCCX9265C;
				ENABLE_PREVIEWS = YES;
				GENERATE_INFOPLIST_FILE = YES;
				INFOPLIST_KEY_UIApplicationSceneManifest_Generation = YES;
				INFOPLIST_KEY_UIApplicationSupportsIndirectInputEvents = YES;
				INFOPLIST_KEY_UILaunchScreen_Generation = YES;
				INFOPLIST_KEY_UISupportedInterfaceOrientations_iPad = "UIInterfaceOrientationPortrait UIInterfaceOrientationPortraitUpsideDown UIInterfaceOrientationLandscapeLeft UIInterfaceOrientationLandscapeRight";
				INFOPLIST_KEY_UISupportedInterfaceOrientations_iPhone = "UIInterfaceOrientationPortrait UIInterfaceOrientationLandscapeLeft UIInterfaceOrientationLandscapeRight";
				LD_RUNPATH_SEARCH_PATHS = (
					"$(inherited)",
					"@executable_path/Frameworks",
				);
				MARKETING_VERSION = 1.0;
				PRODUCT_BUNDLE_IDENTIFIER = jp.ac.aoyama.aim.ima.reservation;
				PRODUCT_NAME = "$(TARGET_NAME)";
				SWIFT_EMIT_LOC_STRINGS = YES;
				SWIFT_VERSION = 5.0;
				TARGETED_DEVICE_FAMILY = "1,2";
			};
			name = Release;
		};
		CEE7531A2DF8E7EF002852B3 /* Debug */ = {
			isa = XCBuildConfiguration;
			buildSettings = {
				BUNDLE_LOADER = "$(TEST_HOST)";
				CODE_SIGN_STYLE = Automatic;
				CURRENT_PROJECT_VERSION = 1;
				DEVELOPMENT_TEAM = XGCCX9265C;
				GENERATE_INFOPLIST_FILE = YES;
				IPHONEOS_DEPLOYMENT_TARGET = 18.1;
				MARKETING_VERSION = 1.0;
				PRODUCT_BUNDLE_IDENTIFIER = jp.ac.aoyama.aim.ima.reservationTests;
				PRODUCT_NAME = "$(TARGET_NAME)";
				SWIFT_EMIT_LOC_STRINGS = NO;
				SWIFT_VERSION = 5.0;
				TARGETED_DEVICE_FAMILY = "1,2";
				TEST_HOST = "$(BUILT_PRODUCTS_DIR)/reservation.app/$(BUNDLE_EXECUTAIM CommonsBLE_FOLDER_PAIM CommonsTH)/reservation";
			};
			name = Debug;
		};
		CEE7531B2DF8E7EF002852B3 /* Release */ = {
			isa = XCBuildConfiguration;
			buildSettings = {
				BUNDLE_LOADER = "$(TEST_HOST)";
				CODE_SIGN_STYLE = Automatic;
				CURRENT_PROJECT_VERSION = 1;
				DEVELOPMENT_TEAM = XGCCX9265C;
				GENERATE_INFOPLIST_FILE = YES;
				IPHONEOS_DEPLOYMENT_TARGET = 18.1;
				MARKETING_VERSION = 1.0;
				PRODUCT_BUNDLE_IDENTIFIER = jp.ac.aoyama.aim.ima.reservationTests;
				PRODUCT_NAME = "$(TARGET_NAME)";
				SWIFT_EMIT_LOC_STRINGS = NO;
				SWIFT_VERSION = 5.0;
				TARGETED_DEVICE_FAMILY = "1,2";
				TEST_HOST = "$(BUILT_PRODUCTS_DIR)/reservation.app/$(BUNDLE_EXECUTAIM CommonsBLE_FOLDER_PAIM CommonsTH)/reservation";
			};
			name = Release;
		};
		CEE7531D2DF8E7EF002852B3 /* Debug */ = {
			isa = XCBuildConfiguration;
			buildSettings = {
				CODE_SIGN_STYLE = Automatic;
				CURRENT_PROJECT_VERSION = 1;
				DEVELOPMENT_TEAM = XGCCX9265C;
				GENERATE_INFOPLIST_FILE = YES;
				MARKETING_VERSION = 1.0;
				PRODUCT_BUNDLE_IDENTIFIER = jp.ac.aoyama.aim.ima.reservationUITests;
				PRODUCT_NAME = "$(TARGET_NAME)";
				SWIFT_EMIT_LOC_STRINGS = NO;
				SWIFT_VERSION = 5.0;
				TARGETED_DEVICE_FAMILY = "1,2";
				TEST_TARGET_NAME = reservation;
			};
			name = Debug;
		};
		CEE7531E2DF8E7EF002852B3 /* Release */ = {
			isa = XCBuildConfiguration;
			buildSettings = {
				CODE_SIGN_STYLE = Automatic;
				CURRENT_PROJECT_VERSION = 1;
				DEVELOPMENT_TEAM = XGCCX9265C;
				GENERATE_INFOPLIST_FILE = YES;
				MARKETING_VERSION = 1.0;
				PRODUCT_BUNDLE_IDENTIFIER = jp.ac.aoyama.aim.ima.reservationUITests;
				PRODUCT_NAME = "$(TARGET_NAME)";
				SWIFT_EMIT_LOC_STRINGS = NO;
				SWIFT_VERSION = 5.0;
				TARGETED_DEVICE_FAMILY = "1,2";
				TEST_TARGET_NAME = reservation;
			};
			name = Release;
		};
/* End XCBuildConfiguration section */

/* Begin XCConfigurationList section */
		CEE752ED2DF8E7EB002852B3 /* Build configuration list for PBXProject "AIM Commons" */ = {
			isa = XCConfigurationList;
			buildConfigurations = (
				CEE753142DF8E7EF002852B3 /* Debug */,
				CEE753152DF8E7EF002852B3 /* Release */,
			);
			defaultConfigurationIsVisible = 0;
			defaultConfigurationName = Release;
		};
		CEE753162DF8E7EF002852B3 /* Build configuration list for PBXNativeTarget "reservation" */ = {
			isa = XCConfigurationList;
			buildConfigurations = (
				CEE753172DF8E7EF002852B3 /* Debug */,
				CEE753182DF8E7EF002852B3 /* Release */,
			);
			defaultConfigurationIsVisible = 0;
			defaultConfigurationName = Release;
		};
		CEE753192DF8E7EF002852B3 /* Build configuration list for PBXNativeTarget "reservationTests" */ = {
			isa = XCConfigurationList;
			buildConfigurations = (
				CEE7531A2DF8E7EF002852B3 /* Debug */,
				CEE7531B2DF8E7EF002852B3 /* Release */,
			);
			defaultConfigurationIsVisible = 0;
			defaultConfigurationName = Release;
		};
		CEE7531C2DF8E7EF002852B3 /* Build configuration list for PBXNativeTarget "reservationUITests" */ = {
			isa = XCConfigurationList;
			buildConfigurations = (
				CEE7531D2DF8E7EF002852B3 /* Debug */,
				CEE7531E2DF8E7EF002852B3 /* Release */,
			);
			defaultConfigurationIsVisible = 0;
			defaultConfigurationName = Release;
		};
/* End XCConfigurationList section */
	};
	rootObject = CEE752EA2DF8E7EB002852B3 /* Project object */;
}
